// !$*UTF8*$!
{
	archiveVersion = 1;
	classes = {
	};
	objectVersion = 55;
	objects = {

/* Begin PBXBuildFile section */
		BF39C3B62855F878008C5F73 /* ModellCellData.swift in Sources */ = {isa = PBXBuildFile; fileRef = BF39C3B52855F878008C5F73 /* ModellCellData.swift */; };
		BF39C3BE2855FD52008C5F73 /* LeftLableCell.swift in Sources */ = {isa = PBXBuildFile; fileRef = BF39C3BD2855FD52008C5F73 /* LeftLableCell.swift */; };
		BF89C1132855EF2E00E888DE /* AppDelegate.swift in Sources */ = {isa = PBXBuildFile; fileRef = BF89C1122855EF2E00E888DE /* AppDelegate.swift */; };
		BF89C1152855EF2E00E888DE /* SceneDelegate.swift in Sources */ = {isa = PBXBuildFile; fileRef = BF89C1142855EF2E00E888DE /* SceneDelegate.swift */; };
		BF89C11A2855EF2E00E888DE /* Main.storyboard in Resources */ = {isa = PBXBuildFile; fileRef = BF89C1182855EF2E00E888DE /* Main.storyboard */; };
		BF89C11C2855EF3100E888DE /* Assets.xcassets in Resources */ = {isa = PBXBuildFile; fileRef = BF89C11B2855EF3100E888DE /* Assets.xcassets */; };
		BF89C11F2855EF3100E888DE /* LaunchScreen.storyboard in Resources */ = {isa = PBXBuildFile; fileRef = BF89C11D2855EF3100E888DE /* LaunchScreen.storyboard */; };
/* End PBXBuildFile section */

/* Begin PBXFileReference section */
		BF39C3B52855F878008C5F73 /* ModellCellData.swift */ = {isa = PBXFileReference; lastKnownFileType = sourcecode.swift; path = ModellCellData.swift; sourceTree = "<group>"; };
		BF39C3BD2855FD52008C5F73 /* LeftLableCell.swift */ = {isa = PBXFileReference; lastKnownFileType = sourcecode.swift; path = LeftLableCell.swift; sourceTree = "<group>"; };
		BF89C10F2855EF2E00E888DE /* IphoneSettings.app */ = {isa = PBXFileReference; explicitFileType = wrapper.application; includeInIndex = 0; path = IphoneSettings.app; sourceTree = BUILT_PRODUCTS_DIR; };
		BF89C1122855EF2E00E888DE /* AppDelegate.swift */ = {isa = PBXFileReference; lastKnownFileType = sourcecode.swift; path = AppDelegate.swift; sourceTree = "<group>"; };
		BF89C1142855EF2E00E888DE /* SceneDelegate.swift */ = {isa = PBXFileReference; lastKnownFileType = sourcecode.swift; path = SceneDelegate.swift; sourceTree = "<group>"; };
		BF89C1192855EF2E00E888DE /* Base */ = {isa = PBXFileReference; lastKnownFileType = file.storyboard; name = Base; path = Base.lproj/Main.storyboard; sourceTree = "<group>"; };
		BF89C11B2855EF3100E888DE /* Assets.xcassets */ = {isa = PBXFileReference; lastKnownFileType = folder.assetcatalog; path = Assets.xcassets; sourceTree = "<group>"; };
		BF89C11E2855EF3100E888DE /* Base */ = {isa = PBXFileReference; lastKnownFileType = file.storyboard; name = Base; path = Base.lproj/LaunchScreen.storyboard; sourceTree = "<group>"; };
		BF89C1202855EF3100E888DE /* Info.plist */ = {isa = PBXFileReference; lastKnownFileType = text.plist.xml; path = Info.plist; sourceTree = "<group>"; };
/* End PBXFileReference section */

/* Begin PBXFrameworksBuildPhase section */
		BF89C10C2855EF2E00E888DE /* Frameworks */ = {
			isa = PBXFrameworksBuildPhase;
			buildActionMask = 2147483647;
			files = (
			);
			runOnlyForDeploymentPostprocessing = 0;
		};
/* End PBXFrameworksBuildPhase section */

/* Begin PBXGroup section */
		BF39C3B42855F80C008C5F73 /* Model */ = {
			isa = PBXGroup;
			children = (
				BF39C3B52855F878008C5F73 /* ModellCellData.swift */,
			);
			path = Model;
			sourceTree = "<group>";
		};
		BF39C3BC2855FD28008C5F73 /* View Cell */ = {
			isa = PBXGroup;
			children = (
				BF39C3BD2855FD52008C5F73 /* LeftLableCell.swift */,
			);
			path = "View Cell";
			sourceTree = "<group>";
		};
		BF89C1062855EF2E00E888DE = {
			isa = PBXGroup;
			children = (
				BF89C1112855EF2E00E888DE /* IphoneSettings */,
				BF89C1102855EF2E00E888DE /* Products */,
			);
			sourceTree = "<group>";
		};
		BF89C1102855EF2E00E888DE /* Products */ = {
			isa = PBXGroup;
			children = (
				BF89C10F2855EF2E00E888DE /* IphoneSettings.app */,
			);
			name = Products;
			sourceTree = "<group>";
		};
		BF89C1112855EF2E00E888DE /* IphoneSettings */ = {
			isa = PBXGroup;
			children = (
				BF39C3BC2855FD28008C5F73 /* View Cell */,
				BF39C3B42855F80C008C5F73 /* Model */,
				BF89C1122855EF2E00E888DE /* AppDelegate.swift */,
				BF89C1142855EF2E00E888DE /* SceneDelegate.swift */,
				BF89C1182855EF2E00E888DE /* Main.storyboard */,
				BF89C11B2855EF3100E888DE /* Assets.xcassets */,
				BF89C11D2855EF3100E888DE /* LaunchScreen.storyboard */,
				BF89C1202855EF3100E888DE /* Info.plist */,
			);
			path = IphoneSettings;
			sourceTree = "<group>";
		};
/* End PBXGroup section */

/* Begin PBXNativeTarget section */
		BF89C10E2855EF2E00E888DE /* IphoneSettings */ = {
			isa = PBXNativeTarget;
			buildConfigurationList = BF89C1232855EF3100E888DE /* Build configuration list for PBXNativeTarget "IphoneSettings" */;
			buildPhases = (
				BF89C10B2855EF2E00E888DE /* Sources */,
				BF89C10C2855EF2E00E888DE /* Frameworks */,
				BF89C10D2855EF2E00E888DE /* Resources */,
			);
			buildRules = (
			);
			dependencies = (
			);
			name = IphoneSettings;
			productName = IphoneSettings;
			productReference = BF89C10F2855EF2E00E888DE /* IphoneSettings.app */;
			productType = "com.apple.product-type.application";
		};
/* End PBXNativeTarget section */

/* Begin PBXProject section */
		BF89C1072855EF2E00E888DE /* Project object */ = {
			isa = PBXProject;
			attributes = {
				BuildIndependentTargetsInParallel = 1;
				LastSwiftUpdateCheck = 1340;
				LastUpgradeCheck = 1340;
				TargetAttributes = {
					BF89C10E2855EF2E00E888DE = {
						CreatedOnToolsVersion = 13.4;
					};
				};
			};
			buildConfigurationList = BF89C10A2855EF2E00E888DE /* Build configuration list for PBXProject "IphoneSettings" */;
			compatibilityVersion = "Xcode 13.0";
			developmentRegion = en;
			hasScannedForEncodings = 0;
			knownRegions = (
				en,
				Base,
			);
			mainGroup = BF89C1062855EF2E00E888DE;
			productRefGroup = BF89C1102855EF2E00E888DE /* Products */;
			projectDirPath = "";
			projectRoot = "";
			targets = (
				BF89C10E2855EF2E00E888DE /* IphoneSettings */,
			);
		};
/* End PBXProject section */

/* Begin PBXResourcesBuildPhase section */
		BF89C10D2855EF2E00E888DE /* Resources */ = {
			isa = PBXResourcesBuildPhase;
			buildActionMask = 2147483647;
			files = (
				BF89C11F2855EF3100E888DE /* LaunchScreen.storyboard in Resources */,
				BF89C11C2855EF3100E888DE /* Assets.xcassets in Resources */,
				BF89C11A2855EF2E00E888DE /* Main.storyboard in Resources */,
			);
			runOnlyForDeploymentPostprocessing = 0;
		};
/* End PBXResourcesBuildPhase section */

/* Begin PBXSourcesBuildPhase section */
		BF89C10B2855EF2E00E888DE /* Sources */ = {
			isa = PBXSourcesBuildPhase;
			buildActionMask = 2147483647;
			files = (
				BF89C1132855EF2E00E888DE /* AppDelegate.swift in Sources */,
				BF39C3BE2855FD52008C5F73 /* LeftLableCell.swift in Sources */,
				BF89C1152855EF2E00E888DE /* SceneDelegate.swift in Sources */,
				BF39C3B62855F878008C5F73 /* ModellCellData.swift in Sources */,
			);
			runOnlyForDeploymentPostprocessing = 0;
		};
/* End PBXSourcesBuildPhase section */

/* Begin PBXVariantGroup section */
		BF89C1182855EF2E00E888DE /* Main.storyboard */ = {
			isa = PBXVariantGroup;
			children = (
				BF89C1192855EF2E00E888DE /* Base */,
			);
			name = Main.storyboard;
			sourceTree = "<group>";
		};
		BF89C11D2855EF3100E888DE /* LaunchScreen.storyboard */ = {
			isa = PBXVariantGroup;
			children = (
				BF89C11E2855EF3100E888DE /* Base */,
			);
			name = LaunchScreen.storyboard;
			sourceTree = "<group>";
		};
/* End PBXVariantGroup section */

/* Begin XCBuildConfiguration section */
		BF89C1212855EF3100E888DE /* Debug */ = {
			isa = XCBuildConfiguration;
			buildSettings = {
				ALWAYS_SEARCH_USER_PATHS = NO;
				CLANG_ANALYZER_NONNULL = YES;
				CLANG_ANALYZER_NUMBER_OBJECT_CONVERSION = YES_AGGRESSIVE;
				CLANG_CXX_LANGUAGE_STANDARD = "gnu++17";
				CLANG_ENABLE_MODULES = YES;
				CLANG_ENABLE_OBJC_ARC = YES;
				CLANG_ENABLE_OBJC_WEAK = YES;
				CLANG_WARN_BLOCK_CAPTURE_AUTORELEASING = YES;
				CLANG_WARN_BOOL_CONVERSION = YES;
				CLANG_WARN_COMMA = YES;
				CLANG_WARN_CONSTANT_CONVERSION = YES;
				CLANG_WARN_DEPRECATED_OBJC_IMPLEMENTATIONS = YES;
				CLANG_WARN_DIRECT_OBJC_ISA_USAGE = YES_ERROR;
				CLANG_WARN_DOCUMENTATION_COMMENTS = YES;
				CLANG_WARN_EMPTY_BODY = YES;
				CLANG_WARN_ENUM_CONVERSION = YES;
				CLANG_WARN_INFINITE_RECURSION = YES;
				CLANG_WARN_INT_CONVERSION = YES;
				CLANG_WARN_NON_LITERAL_NULL_CONVERSION = YES;
				CLANG_WARN_OBJC_IMPLICIT_RETAIN_SELF = YES;
				CLANG_WARN_OBJC_LITERAL_CONVERSION = YES;
				CLANG_WARN_OBJC_ROOT_CLASS = YES_ERROR;
				CLANG_WARN_QUOTED_INCLUDE_IN_FRAMEWORK_HEADER = YES;
				CLANG_WARN_RANGE_LOOP_ANALYSIS = YES;
				CLANG_WARN_STRICT_PROTOTYPES = YES;
				CLANG_WARN_SUSPICIOUS_MOVE = YES;
				CLANG_WARN_UNGUARDED_AVAILABILITY = YES_AGGRESSIVE;
				CLANG_WARN_UNREACHABLE_CODE = YES;
				CLANG_WARN__DUPLICATE_METHOD_MATCH = YES;
				COPY_PHASE_STRIP = NO;
				DEBUG_INFORMATION_FORMAT = dwarf;
				ENABLE_STRICT_OBJC_MSGSEND = YES;
				ENABLE_TESTABILITY = YES;
				GCC_C_LANGUAGE_STANDARD = gnu11;
				GCC_DYNAMIC_NO_PIC = NO;
				GCC_NO_COMMON_BLOCKS = YES;
				GCC_OPTIMIZATION_LEVEL = 0;
				GCC_PREPROCESSOR_DEFINITIONS = (
					"DEBUG=1",
					"$(inherited)",
				);
				GCC_WARN_64_TO_32_BIT_CONVERSION = YES;
				GCC_WARN_ABOUT_RETURN_TYPE = YES_ERROR;
				GCC_WARN_UNDECLARED_SELECTOR = YES;
				GCC_WARN_UNINITIALIZED_AUTOS = YES_AGGRESSIVE;
				GCC_WARN_UNUSED_FUNCTION = YES;
				GCC_WARN_UNUSED_VARIABLE = YES;
				IPHONEOS_DEPLOYMENT_TARGET = 15.5;
				MTL_ENABLE_DEBUG_INFO = INCLUDE_SOURCE;
				MTL_FAST_MATH = YES;
				ONLY_ACTIVE_ARCH = YES;
				SDKROOT = iphoneos;
				SWIFT_ACTIVE_COMPILATION_CONDITIONS = DEBUG;
				SWIFT_OPTIMIZATION_LEVEL = "-Onone";
			};
			name = Debug;
		};
		BF89C1222855EF3100E888DE /* Release */ = {
			isa = XCBuildConfiguration;
			buildSettings = {
				ALWAYS_SEARCH_USER_PATHS = NO;
				CLANG_ANALYZER_NONNULL = YES;
				CLANG_ANALYZER_NUMBER_OBJECT_CONVERSION = YES_AGGRESSIVE;
				CLANG_CXX_LANGUAGE_STANDARD = "gnu++17";
				CLANG_ENABLE_MODULES = YES;
				CLANG_ENABLE_OBJC_ARC = YES;
				CLANG_ENABLE_OBJC_WEAK = YES;
				CLANG_WARN_BLOCK_CAPTURE_AUTORELEASING = YES;
				CLANG_WARN_BOOL_CONVERSION = YES;
				CLANG_WARN_COMMA = YES;
				CLANG_WARN_CONSTANT_CONVERSION = YES;
				CLANG_WARN_DEPRECATED_OBJC_IMPLEMENTATIONS = YES;
				CLANG_WARN_DIRECT_OBJC_ISA_USAGE = YES_ERROR;
				CLANG_WARN_DOCUMENTATION_COMMENTS = YES;
				CLANG_WARN_EMPTY_BODY = YES;
				CLANG_WARN_ENUM_CONVERSION = YES;
				CLANG_WARN_INFINITE_RECURSION = YES;
				CLANG_WARN_INT_CONVERSION = YES;
				CLANG_WARN_NON_LITERAL_NULL_CONVERSION = YES;
				CLANG_WARN_OBJC_IMPLICIT_RETAIN_SELF = YES;
				CLANG_WARN_OBJC_LITERAL_CONVERSION = YES;
				CLANG_WARN_OBJC_ROOT_CLASS = YES_ERROR;
				CLANG_WARN_QUOTED_INCLUDE_IN_FRAMEWORK_HEADER = YES;
				CLANG_WARN_RANGE_LOOP_ANALYSIS = YES;
				CLANG_WARN_STRICT_PROTOTYPES = YES;
				CLANG_WARN_SUSPICIOUS_MOVE = YES;
				CLANG_WARN_UNGUARDED_AVAILABILITY = YES_AGGRESSIVE;
				CLANG_WARN_UNREACHABLE_CODE = YES;
				CLANG_WARN__DUPLICATE_METHOD_MATCH = YES;
				COPY_PHASE_STRIP = NO;
				DEBUG_INFORMATION_FORMAT = "dwarf-with-dsym";
				ENABLE_NS_ASSERTIONS = NO;
				ENABLE_STRICT_OBJC_MSGSEND = YES;
				GCC_C_LANGUAGE_STANDARD = gnu11;
				GCC_NO_COMMON_BLOCKS = YES;
				GCC_WARN_64_TO_32_BIT_CONVERSION = YES;
				GCC_WARN_ABOUT_RETURN_TYPE = YES_ERROR;
				GCC_WARN_UNDECLARED_SELECTOR = YES;
				GCC_WARN_UNINITIALIZED_AUTOS = YES_AGGRESSIVE;
				GCC_WARN_UNUSED_FUNCTION = YES;
				GCC_WARN_UNUSED_VARIABLE = YES;
				IPHONEOS_DEPLOYMENT_TARGET = 15.5;
				MTL_ENABLE_DEBUG_INFO = NO;
				MTL_FAST_MATH = YES;
				SDKROOT = iphoneos;
				SWIFT_COMPILATION_MODE = wholemodule;
				SWIFT_OPTIMIZATION_LEVEL = "-O";
				VALIDATE_PRODUCT = YES;
			};
			name = Release;
		};
		BF89C1242855EF3100E888DE /* Debug */ = {
			isa = XCBuildConfiguration;
			buildSettings = {
				ASSETCATALOG_COMPILER_APPICON_NAME = AppIcon;
				ASSETCATALOG_COMPILER_GLOBAL_ACCENT_COLOR_NAME = AccentColor;
				CODE_SIGN_STYLE = Automatic;
				CURRENT_PROJECT_VERSION = 1;
				DEVELOPMENT_TEAM = Y6Z9MZV59H;
				GENERATE_INFOPLIST_FILE = YES;
				INFOPLIST_FILE = IphoneSettings/Info.plist;
				INFOPLIST_KEY_UIApplicationSupportsIndirectInputEvents = YES;
				INFOPLIST_KEY_UILaunchStoryboardName = LaunchScreen;
				INFOPLIST_KEY_UIMainStoryboardFile = Main;
				INFOPLIST_KEY_UISupportedInterfaceOrientations_iPad = "UIInterfaceOrientationPortrait UIInterfaceOrientationPortraitUpsideDown UIInterfaceOrientationLandscapeLeft UIInterfaceOrientationLandscapeRight";
				INFOPLIST_KEY_UISupportedInterfaceOrientations_iPhone = "UIInterfaceOrientationPortrait UIInterfaceOrientationLandscapeLeft UIInterfaceOrientationLandscapeRight";
				LD_RUNPATH_SEARCH_PATHS = (
					"$(inherited)",
					"@executable_path/Frameworks",
				);
				MARKETING_VERSION = 1.0;
				PRODUCT_BUNDLE_IDENTIFIER = com.my.IphoneSettings;
				PRODUCT_NAME = "$(TARGET_NAME)";
				SWIFT_EMIT_LOC_STRINGS = YES;
				SWIFT_VERSION = 5.0;
				TARGETED_DEVICE_FAMILY = 1;
			};
			name = Debug;
		};
		BF89C1252855EF3100E888DE /* Release */ = {
			isa = XCBuildConfiguration;
			buildSettings = {
				ASSETCATALOG_COMPILER_APPICON_NAME = AppIcon;
				ASSETCATALOG_COMPILER_GLOBAL_ACCENT_COLOR_NAME = AccentColor;
				CODE_SIGN_STYLE = Automatic;
				CURRENT_PROJECT_VERSION = 1;
				DEVELOPMENT_TEAM = Y6Z9MZV59H;
				GENERATE_INFOPLIST_FILE = YES;
				INFOPLIST_FILE = IphoneSettings/Info.plist;
				INFOPLIST_KEY_UIApplicationSupportsIndirectInputEvents = YES;
				INFOPLIST_KEY_UILaunchStoryboardName = LaunchScreen;
				INFOPLIST_KEY_UIMainStoryboardFile = Main;
				INFOPLIST_KEY_UISupportedInterfaceOrientations_iPad = "UIInterfaceOrientationPortrait UIInterfaceOrientationPortraitUpsideDown UIInterfaceOrientationLandscapeLeft UIInterfaceOrientationLandscapeRight";
				INFOPLIST_KEY_UISupportedInterfaceOrientations_iPhone = "UIInterfaceOrientationPortrait UIInterfaceOrientationLandscapeLeft UIInterfaceOrientationLandscapeRight";
				LD_RUNPATH_SEARCH_PATHS = (
					"$(inherited)",
					"@executable_path/Frameworks",
				);
				MARKETING_VERSION = 1.0;
				PRODUCT_BUNDLE_IDENTIFIER = com.my.IphoneSettings;
				PRODUCT_NAME = "$(TARGET_NAME)";
				SWIFT_EMIT_LOC_STRINGS = YES;
				SWIFT_VERSION = 5.0;
				TARGETED_DEVICE_FAMILY = 1;
			};
			name = Release;
		};
/* End XCBuildConfiguration section */

/* Begin XCConfigurationList section */
		BF89C10A2855EF2E00E888DE /* Build configuration list for PBXProject "IphoneSettings" */ = {
			isa = XCConfigurationList;
			buildConfigurations = (
				BF89C1212855EF3100E888DE /* Debug */,
				BF89C1222855EF3100E888DE /* Release */,
			);
			defaultConfigurationIsVisible = 0;
			defaultConfigurationName = Release;
		};
		BF89C1232855EF3100E888DE /* Build configuration list for PBXNativeTarget "IphoneSettings" */ = {
			isa = XCConfigurationList;
			buildConfigurations = (
				BF89C1242855EF3100E888DE /* Debug */,
				BF89C1252855EF3100E888DE /* Release */,
			);
			defaultConfigurationIsVisible = 0;
			defaultConfigurationName = Release;
		};
/* End XCConfigurationList section */
	};
	rootObject = BF89C1072855EF2E00E888DE /* Project object */;
}
